
Microsoft Visual Studio Solution File, Format Version 12.00
# Visual Studio Version 16
VisualStudioVersion = 16.0.36128.20
MinimumVisualStudioVersion = 10.0.40219.1
Project("{FAE04EC0-301F-11D3-BF4B-00C04F79EFBC}") = "MyTaskApp", "MyTaskApp\MyTaskApp.csproj", "{6546A272-0539-4D66-9E1B-1028A402E7DC}"
EndProject
Global
	GlobalSection(SolutionConfigurationPlatforms) = preSolution
		Debug|Any CPU = Debug|Any CPU
		Release|Any CPU = Release|Any CPU
	EndGlobalSection
	GlobalSection(ProjectConfigurationPlatforms) = postSolution
		{6546A272-0539-4D66-9E1B-1028A402E7DC}.Debug|Any CPU.ActiveCfg = Debug|Any CPU
		{6546A272-0539-4D66-9E1B-1028A402E7DC}.Debug|Any CPU.Build.0 = Debug|Any CPU
		{6546A272-0539-4D66-9E1B-1028A402E7DC}.Release|Any CPU.ActiveCfg = Release|Any CPU
		{6546A272-0539-4D66-9E1B-1028A402E7DC}.Release|Any CPU.Build.0 = Release|Any CPU
	EndGlobalSection
	GlobalSection(SolutionProperties) = preSolution
		HideSolutionNode = FALSE
	EndGlobalSection
	GlobalSection(ExtensibilityGlobals) = postSolution
		SolutionGuid = {280A8DB2-1744-430F-B7AE-3F340EFF91F8}
	EndGlobalSection
EndGlobal
